
Microsoft Visual Studio Solution File, Format Version 12.00
# Visual Studio 15
VisualStudioVersion = 15.0.26730.12
MinimumVisualStudioVersion = 10.0.40219.1
Project("{9A19103F-16F7-4668-BE54-9A1E7A4F7556}") = "WebApplication1", "WebApplication1\WebApplication1.csproj", "{BC2CE623-9322-4C67-B9F0-9C65FE134EF3}"
EndProject
Project("{9A19103F-16F7-4668-BE54-9A1E7A4F7556}") = "ReqSender", "ReqSender\ReqSender.csproj", "{599BD086-6D84-4F97-8B59-99FDEE3AF6CB}"
EndProject
Project("{9A19103F-16F7-4668-BE54-9A1E7A4F7556}") = "ClassesLib", "ClassesLib\ClassesLib.csproj", "{375C031B-7403-4609-8A5D-798F7A48BF57}"
EndProject
Project("{9A19103F-16F7-4668-BE54-9A1E7A4F7556}") = "RabbitMqConsumer", "RabbitMqConsumer\RabbitMqConsumer.csproj", "{F44ADBDA-2D22-4FF8-8C25-BE379730E5D8}"
EndProject
Project("{FAE04EC0-301F-11D3-BF4B-00C04F79EFBC}") = "AsyncTcpServer", "AsyncTcpServer\AsyncTcpServer.csproj", "{36FCA82A-FF81-4F20-9580-DE6F525F139F}"
EndProject
Global
	GlobalSection(SolutionConfigurationPlatforms) = preSolution
		Debug|Any CPU = Debug|Any CPU
		Release|Any CPU = Release|Any CPU
	EndGlobalSection
	GlobalSection(ProjectConfigurationPlatforms) = postSolution
		{BC2CE623-9322-4C67-B9F0-9C65FE134EF3}.Debug|Any CPU.ActiveCfg = Debug|Any CPU
		{BC2CE623-9322-4C67-B9F0-9C65FE134EF3}.Debug|Any CPU.Build.0 = Debug|Any CPU
		{BC2CE623-9322-4C67-B9F0-9C65FE134EF3}.Release|Any CPU.ActiveCfg = Release|Any CPU
		{BC2CE623-9322-4C67-B9F0-9C65FE134EF3}.Release|Any CPU.Build.0 = Release|Any CPU
		{599BD086-6D84-4F97-8B59-99FDEE3AF6CB}.Debug|Any CPU.ActiveCfg = Debug|Any CPU
		{599BD086-6D84-4F97-8B59-99FDEE3AF6CB}.Debug|Any CPU.Build.0 = Debug|Any CPU
		{599BD086-6D84-4F97-8B59-99FDEE3AF6CB}.Release|Any CPU.ActiveCfg = Release|Any CPU
		{599BD086-6D84-4F97-8B59-99FDEE3AF6CB}.Release|Any CPU.Build.0 = Release|Any CPU
		{375C031B-7403-4609-8A5D-798F7A48BF57}.Debug|Any CPU.ActiveCfg = Debug|Any CPU
		{375C031B-7403-4609-8A5D-798F7A48BF57}.Debug|Any CPU.Build.0 = Debug|Any CPU
		{375C031B-7403-4609-8A5D-798F7A48BF57}.Release|Any CPU.ActiveCfg = Release|Any CPU
		{375C031B-7403-4609-8A5D-798F7A48BF57}.Release|Any CPU.Build.0 = Release|Any CPU
		{F44ADBDA-2D22-4FF8-8C25-BE379730E5D8}.Debug|Any CPU.ActiveCfg = Debug|Any CPU
		{F44ADBDA-2D22-4FF8-8C25-BE379730E5D8}.Debug|Any CPU.Build.0 = Debug|Any CPU
		{F44ADBDA-2D22-4FF8-8C25-BE379730E5D8}.Release|Any CPU.ActiveCfg = Release|Any CPU
		{F44ADBDA-2D22-4FF8-8C25-BE379730E5D8}.Release|Any CPU.Build.0 = Release|Any CPU
		{36FCA82A-FF81-4F20-9580-DE6F525F139F}.Debug|Any CPU.ActiveCfg = Debug|Any CPU
		{36FCA82A-FF81-4F20-9580-DE6F525F139F}.Debug|Any CPU.Build.0 = Debug|Any CPU
		{36FCA82A-FF81-4F20-9580-DE6F525F139F}.Release|Any CPU.ActiveCfg = Release|Any CPU
		{36FCA82A-FF81-4F20-9580-DE6F525F139F}.Release|Any CPU.Build.0 = Release|Any CPU
	EndGlobalSection
	GlobalSection(SolutionProperties) = preSolution
		HideSolutionNode = FALSE
	EndGlobalSection
	GlobalSection(ExtensibilityGlobals) = postSolution
		SolutionGuid = {793E7805-99A7-4155-9454-5057F6997E1C}
	EndGlobalSection
EndGlobal
